
Microsoft Visual Studio Solution File, Format Version 12.00
# Visual Studio Version 17
VisualStudioVersion = 17.0.31903.59
MinimumVisualStudioVersion = 10.0.40219.1
Project("{2150E333-8FDC-42A3-9474-1A3956D46DE8}") = "src", "src", "{EF986833-8353-428D-ADF8-D1A6438B1EE7}"
EndProject
Project("{FAE04EC0-301F-11D3-BF4B-00C04F79EFBC}") = "DerasaX.Domain", "src\DerasaX.Domain\DerasaX.Domain.csproj", "{BA89DD3F-1FBF-478A-8D50-0D998A8B9C0F}"
EndProject
Project("{FAE04EC0-301F-11D3-BF4B-00C04F79EFBC}") = "DerasaX.Application", "src\DerasaX.Application\DerasaX.Application.csproj", "{BFB2D734-9558-4C84-9C9A-E5DD990BFF08}"
EndProject
Project("{FAE04EC0-301F-11D3-BF4B-00C04F79EFBC}") = "DerasaX.Infrastructure", "src\DerasaX.Infrastructure\DerasaX.Infrastructure.csproj", "{AA3BD616-C496-4902-968A-DA1B2A56E258}"
EndProject
Project("{FAE04EC0-301F-11D3-BF4B-00C04F79EFBC}") = "DerasaX.Api", "src\DerasaX.Api\DerasaX.Api.csproj", "{664EA0C7-8639-447F-B37C-54B1A934ABD8}"
EndProject
Project("{2150E333-8FDC-42A3-9474-1A3956D46DE8}") = "tests", "tests", "{0AB3BF05-4346-4AA6-1389-037BE0695223}"
EndProject
Project("{FAE04EC0-301F-11D3-BF4B-00C04F79EFBC}") = "DerasaX.Tests", "tests\DerasaX.Tests\DerasaX.Tests.csproj", "{7558E33E-40E5-4FC9-AAFC-AB7732915FC0}"
EndProject
Global
	GlobalSection(SolutionConfigurationPlatforms) = preSolution
		Debug|Any CPU = Debug|Any CPU
		Debug|x64 = Debug|x64
		Debug|x86 = Debug|x86
		Release|Any CPU = Release|Any CPU
		Release|x64 = Release|x64
		Release|x86 = Release|x86
	EndGlobalSection
	GlobalSection(ProjectConfigurationPlatforms) = postSolution
		{BA89DD3F-1FBF-478A-8D50-0D998A8B9C0F}.Debug|Any CPU.ActiveCfg = Debug|Any CPU
		{BA89DD3F-1FBF-478A-8D50-0D998A8B9C0F}.Debug|Any CPU.Build.0 = Debug|Any CPU
		{BA89DD3F-1FBF-478A-8D50-0D998A8B9C0F}.Debug|x64.ActiveCfg = Debug|Any CPU
		{BA89DD3F-1FBF-478A-8D50-0D998A8B9C0F}.Debug|x64.Build.0 = Debug|Any CPU
		{BA89DD3F-1FBF-478A-8D50-0D998A8B9C0F}.Debug|x86.ActiveCfg = Debug|Any CPU
		{BA89DD3F-1FBF-478A-8D50-0D998A8B9C0F}.Debug|x86.Build.0 = Debug|Any CPU
		{BA89DD3F-1FBF-478A-8D50-0D998A8B9C0F}.Release|Any CPU.ActiveCfg = Release|Any CPU
		{BA89DD3F-1FBF-478A-8D50-0D998A8B9C0F}.Release|Any CPU.Build.0 = Release|Any CPU
		{BA89DD3F-1FBF-478A-8D50-0D998A8B9C0F}.Release|x64.ActiveCfg = Release|Any CPU
		{BA89DD3F-1FBF-478A-8D50-0D998A8B9C0F}.Release|x64.Build.0 = Release|Any CPU
		{BA89DD3F-1FBF-478A-8D50-0D998A8B9C0F}.Release|x86.ActiveCfg = Release|Any CPU
		{BA89DD3F-1FBF-478A-8D50-0D998A8B9C0F}.Release|x86.Build.0 = Release|Any CPU
		{BFB2D734-9558-4C84-9C9A-E5DD990BFF08}.Debug|Any CPU.ActiveCfg = Debug|Any CPU
		{BFB2D734-9558-4C84-9C9A-E5DD990BFF08}.Debug|Any CPU.Build.0 = Debug|Any CPU
		{BFB2D734-9558-4C84-9C9A-E5DD990BFF08}.Debug|x64.ActiveCfg = Debug|Any CPU
		{BFB2D734-9558-4C84-9C9A-E5DD990BFF08}.Debug|x64.Build.0 = Debug|Any CPU
		{BFB2D734-9558-4C84-9C9A-E5DD990BFF08}.Debug|x86.ActiveCfg = Debug|Any CPU
		{BFB2D734-9558-4C84-9C9A-E5DD990BFF08}.Debug|x86.Build.0 = Debug|Any CPU
		{BFB2D734-9558-4C84-9C9A-E5DD990BFF08}.Release|Any CPU.ActiveCfg = Release|Any CPU
		{BFB2D734-9558-4C84-9C9A-E5DD990BFF08}.Release|Any CPU.Build.0 = Release|Any CPU
		{BFB2D734-9558-4C84-9C9A-E5DD990BFF08}.Release|x64.ActiveCfg = Release|Any CPU
		{BFB2D734-9558-4C84-9C9A-E5DD990BFF08}.Release|x64.Build.0 = Release|Any CPU
		{BFB2D734-9558-4C84-9C9A-E5DD990BFF08}.Release|x86.ActiveCfg = Release|Any CPU
		{BFB2D734-9558-4C84-9C9A-E5DD990BFF08}.Release|x86.Build.0 = Release|Any CPU
		{AA3BD616-C496-4902-968A-DA1B2A56E258}.Debug|Any CPU.ActiveCfg = Debug|Any CPU
		{AA3BD616-C496-4902-968A-DA1B2A56E258}.Debug|Any CPU.Build.0 = Debug|Any CPU
		{AA3BD616-C496-4902-968A-DA1B2A56E258}.Debug|x64.ActiveCfg = Debug|Any CPU
		{AA3BD616-C496-4902-968A-DA1B2A56E258}.Debug|x64.Build.0 = Debug|Any CPU
		{AA3BD616-C496-4902-968A-DA1B2A56E258}.Debug|x86.ActiveCfg = Debug|Any CPU
		{AA3BD616-C496-4902-968A-DA1B2A56E258}.Debug|x86.Build.0 = Debug|Any CPU
		{AA3BD616-C496-4902-968A-DA1B2A56E258}.Release|Any CPU.ActiveCfg = Release|Any CPU
		{AA3BD616-C496-4902-968A-DA1B2A56E258}.Release|Any CPU.Build.0 = Release|Any CPU
		{AA3BD616-C496-4902-968A-DA1B2A56E258}.Release|x64.ActiveCfg = Release|Any CPU
		{AA3BD616-C496-4902-968A-DA1B2A56E258}.Release|x64.Build.0 = Release|Any CPU
		{AA3BD616-C496-4902-968A-DA1B2A56E258}.Release|x86.ActiveCfg = Release|Any CPU
		{AA3BD616-C496-4902-968A-DA1B2A56E258}.Release|x86.Build.0 = Release|Any CPU
		{664EA0C7-8639-447F-B37C-54B1A934ABD8}.Debug|Any CPU.ActiveCfg = Debug|Any CPU
		{664EA0C7-8639-447F-B37C-54B1A934ABD8}.Debug|Any CPU.Build.0 = Debug|Any CPU
		{664EA0C7-8639-447F-B37C-54B1A934ABD8}.Debug|x64.ActiveCfg = Debug|Any CPU
		{664EA0C7-8639-447F-B37C-54B1A934ABD8}.Debug|x64.Build.0 = Debug|Any CPU
		{664EA0C7-8639-447F-B37C-54B1A934ABD8}.Debug|x86.ActiveCfg = Debug|Any CPU
		{664EA0C7-8639-447F-B37C-54B1A934ABD8}.Debug|x86.Build.0 = Debug|Any CPU
		{664EA0C7-8639-447F-B37C-54B1A934ABD8}.Release|Any CPU.ActiveCfg = Release|Any CPU
		{664EA0C7-8639-447F-B37C-54B1A934ABD8}.Release|Any CPU.Build.0 = Release|Any CPU
		{664EA0C7-8639-447F-B37C-54B1A934ABD8}.Release|x64.ActiveCfg = Release|Any CPU
		{664EA0C7-8639-447F-B37C-54B1A934ABD8}.Release|x64.Build.0 = Release|Any CPU
		{664EA0C7-8639-447F-B37C-54B1A934ABD8}.Release|x86.ActiveCfg = Release|Any CPU
		{664EA0C7-8639-447F-B37C-54B1A934ABD8}.Release|x86.Build.0 = Release|Any CPU
		{7558E33E-40E5-4FC9-AAFC-AB7732915FC0}.Debug|Any CPU.ActiveCfg = Debug|Any CPU
		{7558E33E-40E5-4FC9-AAFC-AB7732915FC0}.Debug|Any CPU.Build.0 = Debug|Any CPU
		{7558E33E-40E5-4FC9-AAFC-AB7732915FC0}.Debug|x64.ActiveCfg = Debug|Any CPU
		{7558E33E-40E5-4FC9-AAFC-AB7732915FC0}.Debug|x64.Build.0 = Debug|Any CPU
		{7558E33E-40E5-4FC9-AAFC-AB7732915FC0}.Debug|x86.ActiveCfg = Debug|Any CPU
		{7558E33E-40E5-4FC9-AAFC-AB7732915FC0}.Debug|x86.Build.0 = Debug|Any CPU
		{7558E33E-40E5-4FC9-AAFC-AB7732915FC0}.Release|Any CPU.ActiveCfg = Release|Any CPU
		{7558E33E-40E5-4FC9-AAFC-AB7732915FC0}.Release|Any CPU.Build.0 = Release|Any CPU
		{7558E33E-40E5-4FC9-AAFC-AB7732915FC0}.Release|x64.ActiveCfg = Release|Any CPU
		{7558E33E-40E5-4FC9-AAFC-AB7732915FC0}.Release|x64.Build.0 = Release|Any CPU
		{7558E33E-40E5-4FC9-AAFC-AB7732915FC0}.Release|x86.ActiveCfg = Release|Any CPU
		{7558E33E-40E5-4FC9-AAFC-AB7732915FC0}.Release|x86.Build.0 = Release|Any CPU
	EndGlobalSection
	GlobalSection(SolutionProperties) = preSolution
		HideSolutionNode = FALSE
	EndGlobalSection
	GlobalSection(NestedProjects) = preSolution
		{BA89DD3F-1FBF-478A-8D50-0D998A8B9C0F} = {EF986833-8353-428D-ADF8-D1A6438B1EE7}
		{BFB2D734-9558-4C84-9C9A-E5DD990BFF08} = {EF986833-8353-428D-ADF8-D1A6438B1EE7}
		{AA3BD616-C496-4902-968A-DA1B2A56E258} = {EF986833-8353-428D-ADF8-D1A6438B1EE7}
		{664EA0C7-8639-447F-B37C-54B1A934ABD8} = {EF986833-8353-428D-ADF8-D1A6438B1EE7}
		{7558E33E-40E5-4FC9-AAFC-AB7732915FC0} = {0AB3BF05-4346-4AA6-1389-037BE0695223}
	EndGlobalSection
EndGlobal
